PackratFormat: 1.4
PackratVersion: 0.8.1
RVersion: 3.6.0
Repos: CRAN=https://cran.rstudio.com/

Package: R6
Source: CRAN
Version: 2.5.1
Hash: 54378e523d0281f8d38c379484a3b7b5

Package: base64enc
Source: CRAN
Version: 0.1-3
Hash: c590d29e555926af053055e23ee79efb

Package: bookdown
Source: CRAN
Version: 0.29
Hash: 3bf57355558706972e3e1926af0a18f6
Requires: htmltools, jquerylib, knitr, rmarkdown, tinytex, xfun, yaml

Package: bslib
Source: CRAN
Version: 0.4.0
Hash: 91925af6f76f8d5669d067d615a97c38
Requires: htmltools, jquerylib, rlang, cachem, jsonlite, memoise, sass

Package: cachem
Source: CRAN
Version: 1.0.4
Hash: 8ba7d0e3593d47517fbabf30860d0eeb
Requires: fastmap, rlang

Package: digest
Source: CRAN
Version: 0.6.27
Hash: 8ba156629c1537635b39332c93d8ed33

Package: evaluate
Source: CRAN
Version: 0.16
Hash: 2baa89aa0132f784c79dfb8cb48447bc

Package: fastmap
Source: CRAN
Version: 1.1.0
Hash: e4d212b14d40b91c791c0b9d3b6ffd99

Package: fs
Source: CRAN
Version: 1.5.0
Hash: 918ea5c88cad73d5d5b529ca98f8ad11

Package: glue
Source: CRAN
Version: 1.4.2
Hash: afa798ba9deec3676e20300b79094749

Package: highr
Source: CRAN
Version: 0.9
Hash: 375daf47b5970a62560496bb8c6b996e
Requires: xfun

Package: htmltools
Source: CRAN
Version: 0.5.3
Hash: 4515f29ee2fde0ba82e76a1f67f49e3a
Requires: base64enc, digest, fastmap, rlang

Package: jquerylib
Source: CRAN
Version: 0.1.4
Hash: 338eb4374296b76bdee1e463c810113d
Requires: htmltools

Package: jsonlite
Source: CRAN
Version: 1.7.2
Hash: a5965fb563ba3643e75c425a82f935e6

Package: knitr
Source: CRAN
Version: 1.40
Hash: 48a11444b7982cc6eb64c6be2bd25eae
Requires: evaluate, highr, stringr, xfun, yaml

Package: magrittr
Source: CRAN
Version: 2.0.1
Hash: d3c166b0573ae8c918edf7221dfe7380

Package: memoise
Source: CRAN
Version: 2.0.1
Hash: fa0687ee20196d8aa4e2d724cb0f7199
Requires: cachem, rlang

Package: packrat
Source: CRAN
Version: 0.8.1
Hash: 502257b0c1ef1db0274ea5ecdec3c9ab

Package: rappdirs
Source: CRAN
Version: 0.3.3
Hash: fd602edfd7dbf365642e35dd9cc97958

Package: rlang
Source: CRAN
Version: 0.4.11
Hash: 765f56f2e0697cfd1ad4c9d34e4efedc

Package: rmarkdown
Source: CRAN
Version: 2.16
Hash: 2c8f55463f45c550c831c8f7b06adb0a
Requires: evaluate, htmltools, jquerylib, knitr, stringr, xfun, yaml,
    bslib, jsonlite, tinytex

Package: sass
Source: CRAN
Version: 0.4.0
Hash: 898260598d59907eda6f28dfec65473c
Requires: htmltools, rlang, R6, fs, rappdirs

Package: stringi
Source: CRAN
Version: 1.6.1
Hash: a844a97d217c6c72f38b703fec93ccec

Package: stringr
Source: CRAN
Version: 1.4.1
Hash: f5aeb8f81ad30d4d014092cdae97b707
Requires: glue, magrittr, stringi

Package: tinytex
Source: CRAN
Version: 0.41
Hash: e867bbc0235d253bb5e0f498bef5e75f
Requires: xfun

Package: xfun
Source: CRAN
Version: 0.33
Hash: dfb978433ae7a4b2070dc48793893cf4

Package: yaml
Source: CRAN
Version: 2.2.1
Hash: 424bc11cc358f23187feaa7978628196
